
Microsoft Visual Studio Solution File, Format Version 12.00
# Visual Studio Version 17
VisualStudioVersion = 17.0.31903.59
MinimumVisualStudioVersion = 10.0.40219.1
Project("{2150E333-8FDC-42A3-9474-1A3956D46DE8}") = "src", "src", "{827E0CD3-B72D-47B6-A68D-7590B98EB39B}"
EndProject
Project("{FAE04EC0-301F-11D3-BF4B-00C04F79EFBC}") = "Sia-DC-09-Server", "src\Sia-DC-09-Server\Sia-DC-09-Server.csproj", "{7BA7B6FE-FA30-492F-B2F6-DD2586248F79}"
EndProject
Project("{2150E333-8FDC-42A3-9474-1A3956D46DE8}") = "Sia-DC09-AdminPanel", "Sia-DC09-AdminPanel", "{94A12853-244E-B90E-72F3-83E54D21C2DA}"
EndProject
Project("{FAE04EC0-301F-11D3-BF4B-00C04F79EFBC}") = "Sia.DC09.AdminPanel", "src\Sia-DC09-AdminPanel\Sia.DC09.AdminPanel.csproj", "{8C8C938D-5D49-4391-B69B-DA223525D336}"
EndProject
Global
	GlobalSection(SolutionConfigurationPlatforms) = preSolution
		Debug|Any CPU = Debug|Any CPU
		Debug|x64 = Debug|x64
		Debug|x86 = Debug|x86
		Release|Any CPU = Release|Any CPU
		Release|x64 = Release|x64
		Release|x86 = Release|x86
	EndGlobalSection
	GlobalSection(ProjectConfigurationPlatforms) = postSolution
		{7BA7B6FE-FA30-492F-B2F6-DD2586248F79}.Debug|Any CPU.ActiveCfg = Debug|Any CPU
		{7BA7B6FE-FA30-492F-B2F6-DD2586248F79}.Debug|Any CPU.Build.0 = Debug|Any CPU
		{7BA7B6FE-FA30-492F-B2F6-DD2586248F79}.Debug|x64.ActiveCfg = Debug|Any CPU
		{7BA7B6FE-FA30-492F-B2F6-DD2586248F79}.Debug|x64.Build.0 = Debug|Any CPU
		{7BA7B6FE-FA30-492F-B2F6-DD2586248F79}.Debug|x86.ActiveCfg = Debug|Any CPU
		{7BA7B6FE-FA30-492F-B2F6-DD2586248F79}.Debug|x86.Build.0 = Debug|Any CPU
		{7BA7B6FE-FA30-492F-B2F6-DD2586248F79}.Release|Any CPU.ActiveCfg = Release|Any CPU
		{7BA7B6FE-FA30-492F-B2F6-DD2586248F79}.Release|Any CPU.Build.0 = Release|Any CPU
		{7BA7B6FE-FA30-492F-B2F6-DD2586248F79}.Release|x64.ActiveCfg = Release|Any CPU
		{7BA7B6FE-FA30-492F-B2F6-DD2586248F79}.Release|x64.Build.0 = Release|Any CPU
		{7BA7B6FE-FA30-492F-B2F6-DD2586248F79}.Release|x86.ActiveCfg = Release|Any CPU
		{7BA7B6FE-FA30-492F-B2F6-DD2586248F79}.Release|x86.Build.0 = Release|Any CPU
		{8C8C938D-5D49-4391-B69B-DA223525D336}.Debug|Any CPU.ActiveCfg = Debug|Any CPU
		{8C8C938D-5D49-4391-B69B-DA223525D336}.Debug|Any CPU.Build.0 = Debug|Any CPU
		{8C8C938D-5D49-4391-B69B-DA223525D336}.Debug|x64.ActiveCfg = Debug|Any CPU
		{8C8C938D-5D49-4391-B69B-DA223525D336}.Debug|x64.Build.0 = Debug|Any CPU
		{8C8C938D-5D49-4391-B69B-DA223525D336}.Debug|x86.ActiveCfg = Debug|Any CPU
		{8C8C938D-5D49-4391-B69B-DA223525D336}.Debug|x86.Build.0 = Debug|Any CPU
		{8C8C938D-5D49-4391-B69B-DA223525D336}.Release|Any CPU.ActiveCfg = Release|Any CPU
		{8C8C938D-5D49-4391-B69B-DA223525D336}.Release|Any CPU.Build.0 = Release|Any CPU
		{8C8C938D-5D49-4391-B69B-DA223525D336}.Release|x64.ActiveCfg = Release|Any CPU
		{8C8C938D-5D49-4391-B69B-DA223525D336}.Release|x64.Build.0 = Release|Any CPU
		{8C8C938D-5D49-4391-B69B-DA223525D336}.Release|x86.ActiveCfg = Release|Any CPU
		{8C8C938D-5D49-4391-B69B-DA223525D336}.Release|x86.Build.0 = Release|Any CPU
	EndGlobalSection
	GlobalSection(SolutionProperties) = preSolution
		HideSolutionNode = FALSE
	EndGlobalSection
	GlobalSection(NestedProjects) = preSolution
		{7BA7B6FE-FA30-492F-B2F6-DD2586248F79} = {827E0CD3-B72D-47B6-A68D-7590B98EB39B}
		{94A12853-244E-B90E-72F3-83E54D21C2DA} = {827E0CD3-B72D-47B6-A68D-7590B98EB39B}
		{8C8C938D-5D49-4391-B69B-DA223525D336} = {94A12853-244E-B90E-72F3-83E54D21C2DA}
	EndGlobalSection
EndGlobal
